
Microsoft Visual Studio Solution File, Format Version 12.00
# Visual Studio Version 17
VisualStudioVersion = 17.14.36518.9 d17.14
MinimumVisualStudioVersion = 10.0.40219.1
Project("{FAE04EC0-301F-11D3-BF4B-00C04F79EFBC}") = "condicionais", "condicionais.csproj", "{45001797-F627-42FA-87B4-0C8B6D85305A}"
EndProject
Global
	GlobalSection(SolutionConfigurationPlatforms) = preSolution
		Debug|Any CPU = Debug|Any CPU
		Release|Any CPU = Release|Any CPU
	EndGlobalSection
	GlobalSection(ProjectConfigurationPlatforms) = postSolution
		{45001797-F627-42FA-87B4-0C8B6D85305A}.Debug|Any CPU.ActiveCfg = Debug|Any CPU
		{45001797-F627-42FA-87B4-0C8B6D85305A}.Debug|Any CPU.Build.0 = Debug|Any CPU
		{45001797-F627-42FA-87B4-0C8B6D85305A}.Release|Any CPU.ActiveCfg = Release|Any CPU
		{45001797-F627-42FA-87B4-0C8B6D85305A}.Release|Any CPU.Build.0 = Release|Any CPU
	EndGlobalSection
	GlobalSection(SolutionProperties) = preSolution
		HideSolutionNode = FALSE
	EndGlobalSection
	GlobalSection(ExtensibilityGlobals) = postSolution
		SolutionGuid = {C2FB4AF3-58DA-4D9B-83F9-DFD92FD34FC4}
	EndGlobalSection
EndGlobal
