
Microsoft Visual Studio Solution File, Format Version 12.00
# Visual Studio Version 17
VisualStudioVersion = 17.14.36623.8 d17.14
MinimumVisualStudioVersion = 10.0.40219.1
Project("{FAE04EC0-301F-11D3-BF4B-00C04F79EFBC}") = "maratonadeexercicio01", "maratonadeexercicio01\maratonadeexercicio01.csproj", "{27AC7229-68E0-4E05-A2F0-DBF70AE6EA43}"
EndProject
Global
	GlobalSection(SolutionConfigurationPlatforms) = preSolution
		Debug|Any CPU = Debug|Any CPU
		Release|Any CPU = Release|Any CPU
	EndGlobalSection
	GlobalSection(ProjectConfigurationPlatforms) = postSolution
		{27AC7229-68E0-4E05-A2F0-DBF70AE6EA43}.Debug|Any CPU.ActiveCfg = Debug|Any CPU
		{27AC7229-68E0-4E05-A2F0-DBF70AE6EA43}.Debug|Any CPU.Build.0 = Debug|Any CPU
		{27AC7229-68E0-4E05-A2F0-DBF70AE6EA43}.Release|Any CPU.ActiveCfg = Release|Any CPU
		{27AC7229-68E0-4E05-A2F0-DBF70AE6EA43}.Release|Any CPU.Build.0 = Release|Any CPU
	EndGlobalSection
	GlobalSection(SolutionProperties) = preSolution
		HideSolutionNode = FALSE
	EndGlobalSection
	GlobalSection(ExtensibilityGlobals) = postSolution
		SolutionGuid = {2AB1DFA3-2B97-4A65-A8A2-5222D75B4F65}
	EndGlobalSection
EndGlobal
