
Microsoft Visual Studio Solution File, Format Version 12.00
# Visual Studio Version 17
VisualStudioVersion = 17.14.36705.20 d17.14
MinimumVisualStudioVersion = 10.0.40219.1
Project("{FAE04EC0-301F-11D3-BF4B-00C04F79EFBC}") = "maratonaexercicio03", "maratonaexercicio03\maratonaexercicio03.csproj", "{62B81C8D-2894-4DB6-9578-9BE0475FC94F}"
EndProject
Global
	GlobalSection(SolutionConfigurationPlatforms) = preSolution
		Debug|Any CPU = Debug|Any CPU
		Release|Any CPU = Release|Any CPU
	EndGlobalSection
	GlobalSection(ProjectConfigurationPlatforms) = postSolution
		{62B81C8D-2894-4DB6-9578-9BE0475FC94F}.Debug|Any CPU.ActiveCfg = Debug|Any CPU
		{62B81C8D-2894-4DB6-9578-9BE0475FC94F}.Debug|Any CPU.Build.0 = Debug|Any CPU
		{62B81C8D-2894-4DB6-9578-9BE0475FC94F}.Release|Any CPU.ActiveCfg = Release|Any CPU
		{62B81C8D-2894-4DB6-9578-9BE0475FC94F}.Release|Any CPU.Build.0 = Release|Any CPU
	EndGlobalSection
	GlobalSection(SolutionProperties) = preSolution
		HideSolutionNode = FALSE
	EndGlobalSection
	GlobalSection(ExtensibilityGlobals) = postSolution
		SolutionGuid = {5D5CC5CF-E3B4-4307-92C9-92D2A40B95DC}
	EndGlobalSection
EndGlobal
