
Microsoft Visual Studio Solution File, Format Version 12.00
# Visual Studio Version 17
VisualStudioVersion = 17.14.36518.9 d17.14
MinimumVisualStudioVersion = 10.0.40219.1
Project("{FAE04EC0-301F-11D3-BF4B-00C04F79EFBC}") = "classecomheranca", "classecomheranca.csproj", "{72186A1F-030A-4392-8EC0-69E746EF136C}"
EndProject
Global
	GlobalSection(SolutionConfigurationPlatforms) = preSolution
		Debug|Any CPU = Debug|Any CPU
		Release|Any CPU = Release|Any CPU
	EndGlobalSection
	GlobalSection(ProjectConfigurationPlatforms) = postSolution
		{72186A1F-030A-4392-8EC0-69E746EF136C}.Debug|Any CPU.ActiveCfg = Debug|Any CPU
		{72186A1F-030A-4392-8EC0-69E746EF136C}.Debug|Any CPU.Build.0 = Debug|Any CPU
		{72186A1F-030A-4392-8EC0-69E746EF136C}.Release|Any CPU.ActiveCfg = Release|Any CPU
		{72186A1F-030A-4392-8EC0-69E746EF136C}.Release|Any CPU.Build.0 = Release|Any CPU
	EndGlobalSection
	GlobalSection(SolutionProperties) = preSolution
		HideSolutionNode = FALSE
	EndGlobalSection
	GlobalSection(ExtensibilityGlobals) = postSolution
		SolutionGuid = {D0788B0B-9471-4272-939F-8C41BE1B547E}
	EndGlobalSection
EndGlobal
