
Microsoft Visual Studio Solution File, Format Version 12.00
# Visual Studio Version 17
VisualStudioVersion = 17.14.36518.9 d17.14
MinimumVisualStudioVersion = 10.0.40219.1
Project("{FAE04EC0-301F-11D3-BF4B-00C04F79EFBC}") = "maratonadecsharpe", "maratonadecsharpe.csproj", "{5F9B8807-1A3B-4D99-B2CB-695F7EA719A6}"
EndProject
Global
	GlobalSection(SolutionConfigurationPlatforms) = preSolution
		Debug|Any CPU = Debug|Any CPU
		Release|Any CPU = Release|Any CPU
	EndGlobalSection
	GlobalSection(ProjectConfigurationPlatforms) = postSolution
		{5F9B8807-1A3B-4D99-B2CB-695F7EA719A6}.Debug|Any CPU.ActiveCfg = Debug|Any CPU
		{5F9B8807-1A3B-4D99-B2CB-695F7EA719A6}.Debug|Any CPU.Build.0 = Debug|Any CPU
		{5F9B8807-1A3B-4D99-B2CB-695F7EA719A6}.Release|Any CPU.ActiveCfg = Release|Any CPU
		{5F9B8807-1A3B-4D99-B2CB-695F7EA719A6}.Release|Any CPU.Build.0 = Release|Any CPU
	EndGlobalSection
	GlobalSection(SolutionProperties) = preSolution
		HideSolutionNode = FALSE
	EndGlobalSection
	GlobalSection(ExtensibilityGlobals) = postSolution
		SolutionGuid = {4F94D43A-EE40-4A1D-B05A-1E8B59F7496A}
	EndGlobalSection
EndGlobal
